
Microsoft Visual Studio Solution File, Format Version 12.00
# Visual Studio 15
VisualStudioVersion = 15.0.26730.12
MinimumVisualStudioVersion = 10.0.40219.1
Project("{FAE04EC0-301F-11D3-BF4B-00C04F79EFBC}") = "DateTimeRangeFinder", "DateTimeRangeFinder\DateTimeRangeFinder.csproj", "{2288964B-5F58-45B8-B1BD-ABE7EA040B25}"
EndProject
Project("{FAE04EC0-301F-11D3-BF4B-00C04F79EFBC}") = "Helper", "Helper\Helper.csproj", "{8E4F6235-A6BD-4BA2-AFC0-0045F43557D9}"
EndProject
Global
	GlobalSection(SolutionConfigurationPlatforms) = preSolution
		Debug|Any CPU = Debug|Any CPU
		Release|Any CPU = Release|Any CPU
	EndGlobalSection
	GlobalSection(ProjectConfigurationPlatforms) = postSolution
		{2288964B-5F58-45B8-B1BD-ABE7EA040B25}.Debug|Any CPU.ActiveCfg = Debug|Any CPU
		{2288964B-5F58-45B8-B1BD-ABE7EA040B25}.Debug|Any CPU.Build.0 = Debug|Any CPU
		{2288964B-5F58-45B8-B1BD-ABE7EA040B25}.Release|Any CPU.ActiveCfg = Release|Any CPU
		{2288964B-5F58-45B8-B1BD-ABE7EA040B25}.Release|Any CPU.Build.0 = Release|Any CPU
		{8E4F6235-A6BD-4BA2-AFC0-0045F43557D9}.Debug|Any CPU.ActiveCfg = Debug|Any CPU
		{8E4F6235-A6BD-4BA2-AFC0-0045F43557D9}.Debug|Any CPU.Build.0 = Debug|Any CPU
		{8E4F6235-A6BD-4BA2-AFC0-0045F43557D9}.Release|Any CPU.ActiveCfg = Release|Any CPU
		{8E4F6235-A6BD-4BA2-AFC0-0045F43557D9}.Release|Any CPU.Build.0 = Release|Any CPU
	EndGlobalSection
	GlobalSection(SolutionProperties) = preSolution
		HideSolutionNode = FALSE
	EndGlobalSection
	GlobalSection(ExtensibilityGlobals) = postSolution
		SolutionGuid = {6D0CB0FA-DC21-44FF-91E4-5C2ECBB85322}
	EndGlobalSection
EndGlobal
